
Microsoft Visual Studio Solution File, Format Version 12.00
# Visual Studio Version 16
VisualStudioVersion = 16.0.29613.14
MinimumVisualStudioVersion = 10.0.40219.1
Project("{FAE04EC0-301F-11D3-BF4B-00C04F79EFBC}") = "GameAuto", "GameAuto\GameAuto.csproj", "{7D8EF81F-FFD9-4986-B59D-D303D26C51F6}"
EndProject
Global
	GlobalSection(SolutionConfigurationPlatforms) = preSolution
		Debug|Any CPU = Debug|Any CPU
		Debug|x64 = Debug|x64
		Release|Any CPU = Release|Any CPU
		Release|x64 = Release|x64
	EndGlobalSection
	GlobalSection(ProjectConfigurationPlatforms) = postSolution
		{7D8EF81F-FFD9-4986-B59D-D303D26C51F6}.Debug|Any CPU.ActiveCfg = Debug|Any CPU
		{7D8EF81F-FFD9-4986-B59D-D303D26C51F6}.Debug|Any CPU.Build.0 = Debug|Any CPU
		{7D8EF81F-FFD9-4986-B59D-D303D26C51F6}.Debug|x64.ActiveCfg = Debug|x64
		{7D8EF81F-FFD9-4986-B59D-D303D26C51F6}.Debug|x64.Build.0 = Debug|x64
		{7D8EF81F-FFD9-4986-B59D-D303D26C51F6}.Release|Any CPU.ActiveCfg = Release|Any CPU
		{7D8EF81F-FFD9-4986-B59D-D303D26C51F6}.Release|Any CPU.Build.0 = Release|Any CPU
		{7D8EF81F-FFD9-4986-B59D-D303D26C51F6}.Release|x64.ActiveCfg = Release|x64
		{7D8EF81F-FFD9-4986-B59D-D303D26C51F6}.Release|x64.Build.0 = Release|x64
	EndGlobalSection
	GlobalSection(SolutionProperties) = preSolution
		HideSolutionNode = FALSE
	EndGlobalSection
	GlobalSection(ExtensibilityGlobals) = postSolution
		SolutionGuid = {43D52705-5190-43E3-8644-88EB8DF6C2E8}
	EndGlobalSection
EndGlobal
